
Microsoft Visual Studio Solution File, Format Version 12.00
# Visual Studio Version 17
VisualStudioVersion = 17.9.34701.34
MinimumVisualStudioVersion = 10.0.40219.1
Project("{9A19103F-16F7-4668-BE54-9A1E7A4F7556}") = "BlazingPizza", "BlazingPizza.csproj", "{FB64796B-2A5A-4637-A183-F26B7F2C89E8}"
EndProject
Global
	GlobalSection(SolutionConfigurationPlatforms) = preSolution
		Debug|Any CPU = Debug|Any CPU
		Release|Any CPU = Release|Any CPU
	EndGlobalSection
	GlobalSection(ProjectConfigurationPlatforms) = postSolution
		{FB64796B-2A5A-4637-A183-F26B7F2C89E8}.Debug|Any CPU.ActiveCfg = Debug|Any CPU
		{FB64796B-2A5A-4637-A183-F26B7F2C89E8}.Debug|Any CPU.Build.0 = Debug|Any CPU
		{FB64796B-2A5A-4637-A183-F26B7F2C89E8}.Release|Any CPU.ActiveCfg = Release|Any CPU
		{FB64796B-2A5A-4637-A183-F26B7F2C89E8}.Release|Any CPU.Build.0 = Release|Any CPU
	EndGlobalSection
	GlobalSection(SolutionProperties) = preSolution
		HideSolutionNode = FALSE
	EndGlobalSection
	GlobalSection(ExtensibilityGlobals) = postSolution
		SolutionGuid = {10AB267C-8939-46F1-B14F-364E5743F252}
	EndGlobalSection
EndGlobal
